<Solution>
  <Project Path="somewhereintme.com.AppHost/somewhereintme.com.AppHost.csproj" />
  <Project Path="somewhereintme.com.client/somewhereintme.com.client.esproj">
    <Build />
  </Project>
  <Project Path="somewhereintme.com.Server/somewhereintme.com.Server.csproj" />
  <Project Path="somewhereintme.com.ServiceDefaults/somewhereintme.com.ServiceDefaults.csproj" />
</Solution>
